
Microsoft Visual Studio Solution File, Format Version 12.00
# Visual Studio Version 17
VisualStudioVersion = 17.0.31919.166
MinimumVisualStudioVersion = 10.0.40219.1
Project("{FAE04EC0-301F-11D3-BF4B-00C04F79EFBC}") = "LibraryService", "LibraryService\LibraryService.csproj", "{5D1B5013-7BAB-4335-9AB9-49261232EC59}"
EndProject
Global
	GlobalSection(SolutionConfigurationPlatforms) = preSolution
		Debug|Any CPU = Debug|Any CPU
		Release|Any CPU = Release|Any CPU
	EndGlobalSection
	GlobalSection(ProjectConfigurationPlatforms) = postSolution
		{5D1B5013-7BAB-4335-9AB9-49261232EC59}.Debug|Any CPU.ActiveCfg = Debug|Any CPU
		{5D1B5013-7BAB-4335-9AB9-49261232EC59}.Debug|Any CPU.Build.0 = Debug|Any CPU
		{5D1B5013-7BAB-4335-9AB9-49261232EC59}.Release|Any CPU.ActiveCfg = Release|Any CPU
		{5D1B5013-7BAB-4335-9AB9-49261232EC59}.Release|Any CPU.Build.0 = Release|Any CPU
	EndGlobalSection
	GlobalSection(SolutionProperties) = preSolution
		HideSolutionNode = FALSE
	EndGlobalSection
	GlobalSection(ExtensibilityGlobals) = postSolution
		SolutionGuid = {7C03BB56-9B8A-4343-BBE4-081C91270160}
	EndGlobalSection
EndGlobal
